
Microsoft Visual Studio Solution File, Format Version 12.00
# Visual Studio Version 16
VisualStudioVersion = 16.0.33328.57
MinimumVisualStudioVersion = 10.0.40219.1
Project("{8BC9CEB8-8B4A-11D0-8D11-00A0C91BC942}") = "Wave Function Collapse", "Wave Function Collapse.vcxproj", "{C0857573-CF3C-4267-98E1-CA3CBC36A2F1}"
EndProject
Global
	GlobalSection(SolutionConfigurationPlatforms) = preSolution
		Debug|x64 = Debug|x64
		Debug|x86 = Debug|x86
		Release|x64 = Release|x64
		Release|x86 = Release|x86
	EndGlobalSection
	GlobalSection(ProjectConfigurationPlatforms) = postSolution
		{C0857573-CF3C-4267-98E1-CA3CBC36A2F1}.Debug|x64.ActiveCfg = Debug|x64
		{C0857573-CF3C-4267-98E1-CA3CBC36A2F1}.Debug|x64.Build.0 = Debug|x64
		{C0857573-CF3C-4267-98E1-CA3CBC36A2F1}.Debug|x86.ActiveCfg = Debug|Win32
		{C0857573-CF3C-4267-98E1-CA3CBC36A2F1}.Debug|x86.Build.0 = Debug|Win32
		{C0857573-CF3C-4267-98E1-CA3CBC36A2F1}.Release|x64.ActiveCfg = Release|x64
		{C0857573-CF3C-4267-98E1-CA3CBC36A2F1}.Release|x64.Build.0 = Release|x64
		{C0857573-CF3C-4267-98E1-CA3CBC36A2F1}.Release|x86.ActiveCfg = Release|Win32
		{C0857573-CF3C-4267-98E1-CA3CBC36A2F1}.Release|x86.Build.0 = Release|Win32
	EndGlobalSection
	GlobalSection(SolutionProperties) = preSolution
		HideSolutionNode = FALSE
	EndGlobalSection
	GlobalSection(ExtensibilityGlobals) = postSolution
		SolutionGuid = {3C36EA48-5C6A-44C4-AFB9-DBA01B265413}
	EndGlobalSection
EndGlobal
